
Microsoft Visual Studio Solution File, Format Version 12.00
# Visual Studio Version 16
VisualStudioVersion = 16.0.30128.74
MinimumVisualStudioVersion = 10.0.40219.1
Project("{FAE04EC0-301F-11D3-BF4B-00C04F79EFBC}") = "TestWebAPI", "TestWebAPI.csproj", "{FEB6EAA0-E943-402C-82A5-13F1491C363B}"
EndProject
Project("{FAE04EC0-301F-11D3-BF4B-00C04F79EFBC}") = "TestWebAPI.UnitTests", "..\TestWebAPI.UnitTests\TestWebAPI.UnitTests.csproj", "{232C8335-25B0-42F0-8010-AF6A2BE677C6}"
EndProject
Global
	GlobalSection(SolutionConfigurationPlatforms) = preSolution
		Debug|Any CPU = Debug|Any CPU
		Release|Any CPU = Release|Any CPU
	EndGlobalSection
	GlobalSection(ProjectConfigurationPlatforms) = postSolution
		{FEB6EAA0-E943-402C-82A5-13F1491C363B}.Debug|Any CPU.ActiveCfg = Debug|Any CPU
		{FEB6EAA0-E943-402C-82A5-13F1491C363B}.Debug|Any CPU.Build.0 = Debug|Any CPU
		{FEB6EAA0-E943-402C-82A5-13F1491C363B}.Release|Any CPU.ActiveCfg = Release|Any CPU
		{FEB6EAA0-E943-402C-82A5-13F1491C363B}.Release|Any CPU.Build.0 = Release|Any CPU
		{232C8335-25B0-42F0-8010-AF6A2BE677C6}.Debug|Any CPU.ActiveCfg = Debug|Any CPU
		{232C8335-25B0-42F0-8010-AF6A2BE677C6}.Debug|Any CPU.Build.0 = Debug|Any CPU
		{232C8335-25B0-42F0-8010-AF6A2BE677C6}.Release|Any CPU.ActiveCfg = Release|Any CPU
		{232C8335-25B0-42F0-8010-AF6A2BE677C6}.Release|Any CPU.Build.0 = Release|Any CPU
	EndGlobalSection
	GlobalSection(SolutionProperties) = preSolution
		HideSolutionNode = FALSE
	EndGlobalSection
	GlobalSection(ExtensibilityGlobals) = postSolution
		SolutionGuid = {52DE7258-219A-4020-B3E6-84BF36D3707C}
	EndGlobalSection
EndGlobal
